
Microsoft Visual Studio Solution File, Format Version 12.00
# Visual Studio Version 16
VisualStudioVersion = 16.0.31515.178
MinimumVisualStudioVersion = 10.0.40219.1
Project("{FAE04EC0-301F-11D3-BF4B-00C04F79EFBC}") = "AddressBookSystem_Linq", "AddressBookSystem_Linq\AddressBookSystem_Linq.csproj", "{1E156EBD-9B40-429D-BCE8-BDC8A43CB5DE}"
EndProject
Global
	GlobalSection(SolutionConfigurationPlatforms) = preSolution
		Debug|Any CPU = Debug|Any CPU
		Release|Any CPU = Release|Any CPU
	EndGlobalSection
	GlobalSection(ProjectConfigurationPlatforms) = postSolution
		{1E156EBD-9B40-429D-BCE8-BDC8A43CB5DE}.Debug|Any CPU.ActiveCfg = Debug|Any CPU
		{1E156EBD-9B40-429D-BCE8-BDC8A43CB5DE}.Debug|Any CPU.Build.0 = Debug|Any CPU
		{1E156EBD-9B40-429D-BCE8-BDC8A43CB5DE}.Release|Any CPU.ActiveCfg = Release|Any CPU
		{1E156EBD-9B40-429D-BCE8-BDC8A43CB5DE}.Release|Any CPU.Build.0 = Release|Any CPU
	EndGlobalSection
	GlobalSection(SolutionProperties) = preSolution
		HideSolutionNode = FALSE
	EndGlobalSection
	GlobalSection(ExtensibilityGlobals) = postSolution
		SolutionGuid = {3FC32130-D474-4256-85E9-0E4EB74323EF}
	EndGlobalSection
EndGlobal
